// !$*UTF8*$!
{
	archiveVersion = 1;
	classes = {
	};
	objectVersion = 77;
	objects = {

/* Begin PBXBuildFile section */
		AB0273252E4DAD6F00B08033 /* UqpayPaymentSheet.framework in Frameworks */ = {isa = PBXBuildFile; fileRef = AB0273192E4DAD6E00B08033 /* UqpayPaymentSheet.framework */; };
		AB02755B2E4DE66400B08033 /* UqpayCore.framework in Frameworks */ = {isa = PBXBuildFile; fileRef = AB02755A2E4DE66400B08033 /* UqpayCore.framework */; };
		AB02755C2E4DE66400B08033 /* UqpayCore.framework in Embed Frameworks */ = {isa = PBXBuildFile; fileRef = AB02755A2E4DE66400B08033 /* UqpayCore.framework */; settings = {ATTRIBUTES = (CodeSignOnCopy, RemoveHeadersOnCopy, ); }; };
		AB02755F2E4DE66800B08033 /* UqpayPayments.framework in Frameworks */ = {isa = PBXBuildFile; fileRef = AB02755E2E4DE66800B08033 /* UqpayPayments.framework */; };
		AB0275602E4DE66800B08033 /* UqpayPayments.framework in Embed Frameworks */ = {isa = PBXBuildFile; fileRef = AB02755E2E4DE66800B08033 /* UqpayPayments.framework */; settings = {ATTRIBUTES = (CodeSignOnCopy, RemoveHeadersOnCopy, ); }; };
/* End PBXBuildFile section */

/* Begin PBXContainerItemProxy section */
		AB0273262E4DAD6F00B08033 /* PBXContainerItemProxy */ = {
			isa = PBXContainerItemProxy;
			containerPortal = AB0273102E4DAD6E00B08033 /* Project object */;
			proxyType = 1;
			remoteGlobalIDString = AB0273182E4DAD6E00B08033;
			remoteInfo = UqpayPaymentSheet;
		};
/* End PBXContainerItemProxy section */

/* Begin PBXCopyFilesBuildPhase section */
		AB02755D2E4DE66400B08033 /* Embed Frameworks */ = {
			isa = PBXCopyFilesBuildPhase;
			buildActionMask = 2147483647;
			dstPath = "";
			dstSubfolderSpec = 10;
			files = (
				AB0275602E4DE66800B08033 /* UqpayPayments.framework in Embed Frameworks */,
				AB02755C2E4DE66400B08033 /* UqpayCore.framework in Embed Frameworks */,
			);
			name = "Embed Frameworks";
			runOnlyForDeploymentPostprocessing = 0;
		};
/* End PBXCopyFilesBuildPhase section */

/* Begin PBXFileReference section */
		AB0273192E4DAD6E00B08033 /* UqpayPaymentSheet.framework */ = {isa = PBXFileReference; explicitFileType = wrapper.framework; includeInIndex = 0; path = UqpayPaymentSheet.framework; sourceTree = BUILT_PRODUCTS_DIR; };
		AB0273242E4DAD6F00B08033 /* UqpayPaymentSheetTests.xctest */ = {isa = PBXFileReference; explicitFileType = wrapper.cfbundle; includeInIndex = 0; path = UqpayPaymentSheetTests.xctest; sourceTree = BUILT_PRODUCTS_DIR; };
		AB02755A2E4DE66400B08033 /* UqpayCore.framework */ = {isa = PBXFileReference; explicitFileType = wrapper.framework; path = UqpayCore.framework; sourceTree = BUILT_PRODUCTS_DIR; };
		AB02755E2E4DE66800B08033 /* UqpayPayments.framework */ = {isa = PBXFileReference; explicitFileType = wrapper.framework; path = UqpayPayments.framework; sourceTree = BUILT_PRODUCTS_DIR; };
/* End PBXFileReference section */

/* Begin PBXFileSystemSynchronizedRootGroup section */
		AB02731B2E4DAD6E00B08033 /* UqpayPaymentSheet */ = {
			isa = PBXFileSystemSynchronizedRootGroup;
			path = UqpayPaymentSheet;
			sourceTree = "<group>";
		};
		AB0273282E4DAD6F00B08033 /* UqpayPaymentSheetTests */ = {
			isa = PBXFileSystemSynchronizedRootGroup;
			path = UqpayPaymentSheetTests;
			sourceTree = "<group>";
		};
/* End PBXFileSystemSynchronizedRootGroup section */

/* Begin PBXFrameworksBuildPhase section */
		AB0273162E4DAD6E00B08033 /* Frameworks */ = {
			isa = PBXFrameworksBuildPhase;
			buildActionMask = 2147483647;
			files = (
				AB02755F2E4DE66800B08033 /* UqpayPayments.framework in Frameworks */,
				AB02755B2E4DE66400B08033 /* UqpayCore.framework in Frameworks */,
			);
			runOnlyForDeploymentPostprocessing = 0;
		};
		AB0273212E4DAD6F00B08033 /* Frameworks */ = {
			isa = PBXFrameworksBuildPhase;
			buildActionMask = 2147483647;
			files = (
				AB0273252E4DAD6F00B08033 /* UqpayPaymentSheet.framework in Frameworks */,
			);
			runOnlyForDeploymentPostprocessing = 0;
		};
/* End PBXFrameworksBuildPhase section */

/* Begin PBXGroup section */
		AB02730F2E4DAD6E00B08033 = {
			isa = PBXGroup;
			children = (
				AB02731B2E4DAD6E00B08033 /* UqpayPaymentSheet */,
				AB0273282E4DAD6F00B08033 /* UqpayPaymentSheetTests */,
				AB0275592E4DE66400B08033 /* Frameworks */,
				AB02731A2E4DAD6E00B08033 /* Products */,
			);
			sourceTree = "<group>";
		};
		AB02731A2E4DAD6E00B08033 /* Products */ = {
			isa = PBXGroup;
			children = (
				AB0273192E4DAD6E00B08033 /* UqpayPaymentSheet.framework */,
				AB0273242E4DAD6F00B08033 /* UqpayPaymentSheetTests.xctest */,
			);
			name = Products;
			sourceTree = "<group>";
		};
		AB0275592E4DE66400B08033 /* Frameworks */ = {
			isa = PBXGroup;
			children = (
				AB02755E2E4DE66800B08033 /* UqpayPayments.framework */,
				AB02755A2E4DE66400B08033 /* UqpayCore.framework */,
			);
			name = Frameworks;
			sourceTree = "<group>";
		};
/* End PBXGroup section */

/* Begin PBXHeadersBuildPhase section */
		AB0273142E4DAD6E00B08033 /* Headers */ = {
			isa = PBXHeadersBuildPhase;
			buildActionMask = 2147483647;
			files = (
			);
			runOnlyForDeploymentPostprocessing = 0;
		};
/* End PBXHeadersBuildPhase section */

/* Begin PBXNativeTarget section */
		AB0273182E4DAD6E00B08033 /* UqpayPaymentSheet */ = {
			isa = PBXNativeTarget;
			buildConfigurationList = AB02732D2E4DAD6F00B08033 /* Build configuration list for PBXNativeTarget "UqpayPaymentSheet" */;
			buildPhases = (
				AB0273142E4DAD6E00B08033 /* Headers */,
				AB0273152E4DAD6E00B08033 /* Sources */,
				AB0273162E4DAD6E00B08033 /* Frameworks */,
				AB0273172E4DAD6E00B08033 /* Resources */,
				AB02755D2E4DE66400B08033 /* Embed Frameworks */,
			);
			buildRules = (
			);
			dependencies = (
			);
			fileSystemSynchronizedGroups = (
				AB02731B2E4DAD6E00B08033 /* UqpayPaymentSheet */,
			);
			name = UqpayPaymentSheet;
			packageProductDependencies = (
			);
			productName = UqpayPaymentSheet;
			productReference = AB0273192E4DAD6E00B08033 /* UqpayPaymentSheet.framework */;
			productType = "com.apple.product-type.framework";
		};
		AB0273232E4DAD6F00B08033 /* UqpayPaymentSheetTests */ = {
			isa = PBXNativeTarget;
			buildConfigurationList = AB0273302E4DAD6F00B08033 /* Build configuration list for PBXNativeTarget "UqpayPaymentSheetTests" */;
			buildPhases = (
				AB0273202E4DAD6F00B08033 /* Sources */,
				AB0273212E4DAD6F00B08033 /* Frameworks */,
				AB0273222E4DAD6F00B08033 /* Resources */,
			);
			buildRules = (
			);
			dependencies = (
				AB0273272E4DAD6F00B08033 /* PBXTargetDependency */,
			);
			fileSystemSynchronizedGroups = (
				AB0273282E4DAD6F00B08033 /* UqpayPaymentSheetTests */,
			);
			name = UqpayPaymentSheetTests;
			packageProductDependencies = (
			);
			productName = UqpayPaymentSheetTests;
			productReference = AB0273242E4DAD6F00B08033 /* UqpayPaymentSheetTests.xctest */;
			productType = "com.apple.product-type.bundle.unit-test";
		};
/* End PBXNativeTarget section */

/* Begin PBXProject section */
		AB0273102E4DAD6E00B08033 /* Project object */ = {
			isa = PBXProject;
			attributes = {
				BuildIndependentTargetsInParallel = 1;
				LastSwiftUpdateCheck = 2600;
				LastUpgradeCheck = 2600;
				TargetAttributes = {
					AB0273182E4DAD6E00B08033 = {
						CreatedOnToolsVersion = 26.0;
					};
					AB0273232E4DAD6F00B08033 = {
						CreatedOnToolsVersion = 26.0;
					};
				};
			};
			buildConfigurationList = AB0273132E4DAD6E00B08033 /* Build configuration list for PBXProject "UqpayPaymentSheet" */;
			developmentRegion = en;
			hasScannedForEncodings = 0;
			knownRegions = (
				en,
				Base,
			);
			mainGroup = AB02730F2E4DAD6E00B08033;
			minimizedProjectReferenceProxies = 1;
			preferredProjectObjectVersion = 77;
			productRefGroup = AB02731A2E4DAD6E00B08033 /* Products */;
			projectDirPath = "";
			projectRoot = "";
			targets = (
				AB0273182E4DAD6E00B08033 /* UqpayPaymentSheet */,
				AB0273232E4DAD6F00B08033 /* UqpayPaymentSheetTests */,
			);
		};
/* End PBXProject section */

/* Begin PBXResourcesBuildPhase section */
		AB0273172E4DAD6E00B08033 /* Resources */ = {
			isa = PBXResourcesBuildPhase;
			buildActionMask = 2147483647;
			files = (
			);
			runOnlyForDeploymentPostprocessing = 0;
		};
		AB0273222E4DAD6F00B08033 /* Resources */ = {
			isa = PBXResourcesBuildPhase;
			buildActionMask = 2147483647;
			files = (
			);
			runOnlyForDeploymentPostprocessing = 0;
		};
/* End PBXResourcesBuildPhase section */

/* Begin PBXSourcesBuildPhase section */
		AB0273152E4DAD6E00B08033 /* Sources */ = {
			isa = PBXSourcesBuildPhase;
			buildActionMask = 2147483647;
			files = (
			);
			runOnlyForDeploymentPostprocessing = 0;
		};
		AB0273202E4DAD6F00B08033 /* Sources */ = {
			isa = PBXSourcesBuildPhase;
			buildActionMask = 2147483647;
			files = (
			);
			runOnlyForDeploymentPostprocessing = 0;
		};
/* End PBXSourcesBuildPhase section */

/* Begin PBXTargetDependency section */
		AB0273272E4DAD6F00B08033 /* PBXTargetDependency */ = {
			isa = PBXTargetDependency;
			target = AB0273182E4DAD6E00B08033 /* UqpayPaymentSheet */;
			targetProxy = AB0273262E4DAD6F00B08033 /* PBXContainerItemProxy */;
		};
/* End PBXTargetDependency section */

/* Begin XCBuildConfiguration section */
		AB02732B2E4DAD6F00B08033 /* Debug */ = {
			isa = XCBuildConfiguration;
			buildSettings = {
				ALWAYS_SEARCH_USER_PATHS = NO;
				ASSETCATALOG_COMPILER_GENERATE_SWIFT_ASSET_SYMBOL_EXTENSIONS = YES;
				CLANG_ANALYZER_NONNULL = YES;
				CLANG_ANALYZER_NUMBER_OBJECT_CONVERSION = YES_AGGRESSIVE;
				CLANG_CXX_LANGUAGE_STANDARD = "gnu++20";
				CLANG_ENABLE_MODULES = YES;
				CLANG_ENABLE_OBJC_ARC = YES;
				CLANG_ENABLE_OBJC_WEAK = YES;
				CLANG_WARN_BLOCK_CAPTURE_AUTORELEASING = YES;
				CLANG_WARN_BOOL_CONVERSION = YES;
				CLANG_WARN_COMMA = YES;
				CLANG_WARN_CONSTANT_CONVERSION = YES;
				CLANG_WARN_DEPRECATED_OBJC_IMPLEMENTATIONS = YES;
				CLANG_WARN_DIRECT_OBJC_ISA_USAGE = YES_ERROR;
				CLANG_WARN_DOCUMENTATION_COMMENTS = YES;
				CLANG_WARN_EMPTY_BODY = YES;
				CLANG_WARN_ENUM_CONVERSION = YES;
				CLANG_WARN_INFINITE_RECURSION = YES;
				CLANG_WARN_INT_CONVERSION = YES;
				CLANG_WARN_NON_LITERAL_NULL_CONVERSION = YES;
				CLANG_WARN_OBJC_IMPLICIT_RETAIN_SELF = YES;
				CLANG_WARN_OBJC_LITERAL_CONVERSION = YES;
				CLANG_WARN_OBJC_ROOT_CLASS = YES_ERROR;
				CLANG_WARN_QUOTED_INCLUDE_IN_FRAMEWORK_HEADER = YES;
				CLANG_WARN_RANGE_LOOP_ANALYSIS = YES;
				CLANG_WARN_STRICT_PROTOTYPES = YES;
				CLANG_WARN_SUSPICIOUS_MOVE = YES;
				CLANG_WARN_UNGUARDED_AVAILABILITY = YES_AGGRESSIVE;
				CLANG_WARN_UNREACHABLE_CODE = YES;
				CLANG_WARN__DUPLICATE_METHOD_MATCH = YES;
				COPY_PHASE_STRIP = NO;
				CURRENT_PROJECT_VERSION = 1;
				DEBUG_INFORMATION_FORMAT = dwarf;
				DEVELOPMENT_TEAM = 833SARP3BT;
				ENABLE_STRICT_OBJC_MSGSEND = YES;
				ENABLE_TESTABILITY = YES;
				ENABLE_USER_SCRIPT_SANDBOXING = YES;
				GCC_C_LANGUAGE_STANDARD = gnu17;
				GCC_DYNAMIC_NO_PIC = NO;
				GCC_NO_COMMON_BLOCKS = YES;
				GCC_OPTIMIZATION_LEVEL = 0;
				GCC_PREPROCESSOR_DEFINITIONS = (
					"DEBUG=1",
					"$(inherited)",
				);
				GCC_WARN_64_TO_32_BIT_CONVERSION = YES;
				GCC_WARN_ABOUT_RETURN_TYPE = YES_ERROR;
				GCC_WARN_UNDECLARED_SELECTOR = YES;
				GCC_WARN_UNINITIALIZED_AUTOS = YES_AGGRESSIVE;
				GCC_WARN_UNUSED_FUNCTION = YES;
				GCC_WARN_UNUSED_VARIABLE = YES;
				IPHONEOS_DEPLOYMENT_TARGET = 15.0;
				LOCALIZATION_PREFERS_STRING_CATALOGS = YES;
				MTL_ENABLE_DEBUG_INFO = INCLUDE_SOURCE;
				MTL_FAST_MATH = YES;
				ONLY_ACTIVE_ARCH = YES;
				SDKROOT = iphoneos;
				SWIFT_ACTIVE_COMPILATION_CONDITIONS = "DEBUG $(inherited)";
				SWIFT_OPTIMIZATION_LEVEL = "-Onone";
				VERSIONING_SYSTEM = "apple-generic";
				VERSION_INFO_PREFIX = "";
			};
			name = Debug;
		};
		AB02732C2E4DAD6F00B08033 /* Release */ = {
			isa = XCBuildConfiguration;
			buildSettings = {
				ALWAYS_SEARCH_USER_PATHS = NO;
				ASSETCATALOG_COMPILER_GENERATE_SWIFT_ASSET_SYMBOL_EXTENSIONS = YES;
				CLANG_ANALYZER_NONNULL = YES;
				CLANG_ANALYZER_NUMBER_OBJECT_CONVERSION = YES_AGGRESSIVE;
				CLANG_CXX_LANGUAGE_STANDARD = "gnu++20";
				CLANG_ENABLE_MODULES = YES;
				CLANG_ENABLE_OBJC_ARC = YES;
				CLANG_ENABLE_OBJC_WEAK = YES;
				CLANG_WARN_BLOCK_CAPTURE_AUTORELEASING = YES;
				CLANG_WARN_BOOL_CONVERSION = YES;
				CLANG_WARN_COMMA = YES;
				CLANG_WARN_CONSTANT_CONVERSION = YES;
				CLANG_WARN_DEPRECATED_OBJC_IMPLEMENTATIONS = YES;
				CLANG_WARN_DIRECT_OBJC_ISA_USAGE = YES_ERROR;
				CLANG_WARN_DOCUMENTATION_COMMENTS = YES;
				CLANG_WARN_EMPTY_BODY = YES;
				CLANG_WARN_ENUM_CONVERSION = YES;
				CLANG_WARN_INFINITE_RECURSION = YES;
				CLANG_WARN_INT_CONVERSION = YES;
				CLANG_WARN_NON_LITERAL_NULL_CONVERSION = YES;
				CLANG_WARN_OBJC_IMPLICIT_RETAIN_SELF = YES;
				CLANG_WARN_OBJC_LITERAL_CONVERSION = YES;
				CLANG_WARN_OBJC_ROOT_CLASS = YES_ERROR;
				CLANG_WARN_QUOTED_INCLUDE_IN_FRAMEWORK_HEADER = YES;
				CLANG_WARN_RANGE_LOOP_ANALYSIS = YES;
				CLANG_WARN_STRICT_PROTOTYPES = YES;
				CLANG_WARN_SUSPICIOUS_MOVE = YES;
				CLANG_WARN_UNGUARDED_AVAILABILITY = YES_AGGRESSIVE;
				CLANG_WARN_UNREACHABLE_CODE = YES;
				CLANG_WARN__DUPLICATE_METHOD_MATCH = YES;
				COPY_PHASE_STRIP = NO;
				CURRENT_PROJECT_VERSION = 1;
				DEBUG_INFORMATION_FORMAT = "dwarf-with-dsym";
				DEVELOPMENT_TEAM = 833SARP3BT;
				ENABLE_NS_ASSERTIONS = NO;
				ENABLE_STRICT_OBJC_MSGSEND = YES;
				ENABLE_USER_SCRIPT_SANDBOXING = YES;
				GCC_C_LANGUAGE_STANDARD = gnu17;
				GCC_NO_COMMON_BLOCKS = YES;
				GCC_WARN_64_TO_32_BIT_CONVERSION = YES;
				GCC_WARN_ABOUT_RETURN_TYPE = YES_ERROR;
				GCC_WARN_UNDECLARED_SELECTOR = YES;
				GCC_WARN_UNINITIALIZED_AUTOS = YES_AGGRESSIVE;
				GCC_WARN_UNUSED_FUNCTION = YES;
				GCC_WARN_UNUSED_VARIABLE = YES;
				IPHONEOS_DEPLOYMENT_TARGET = 15.0;
				LOCALIZATION_PREFERS_STRING_CATALOGS = YES;
				MTL_ENABLE_DEBUG_INFO = NO;
				MTL_FAST_MATH = YES;
				SDKROOT = iphoneos;
				SWIFT_COMPILATION_MODE = wholemodule;
				VALIDATE_PRODUCT = YES;
				VERSIONING_SYSTEM = "apple-generic";
				VERSION_INFO_PREFIX = "";
			};
			name = Release;
		};
		AB02732E2E4DAD6F00B08033 /* Debug */ = {
			isa = XCBuildConfiguration;
			buildSettings = {
				BUILD_LIBRARY_FOR_DISTRIBUTION = YES;
				CODE_SIGN_STYLE = Automatic;
				CURRENT_PROJECT_VERSION = 1;
				DEVELOPMENT_TEAM = 833SARP3BT;
				DYLIB_COMPATIBILITY_VERSION = 1;
				DYLIB_CURRENT_VERSION = 1;
				DYLIB_INSTALL_NAME_BASE = "@rpath";
				ENABLE_MODULE_VERIFIER = YES;
				GENERATE_INFOPLIST_FILE = YES;
				INFOPLIST_KEY_NSHumanReadableCopyright = "";
				INSTALL_PATH = "$(LOCAL_LIBRARY_DIR)/Frameworks";
				LD_RUNPATH_SEARCH_PATHS = (
					"$(inherited)",
					"@executable_path/Frameworks",
					"@loader_path/Frameworks",
				);
				MARKETING_VERSION = 1.0.0;
				MODULE_VERIFIER_SUPPORTED_LANGUAGES = "objective-c objective-c++";
				MODULE_VERIFIER_SUPPORTED_LANGUAGE_STANDARDS = "gnu17 gnu++20";
				PRODUCT_BUNDLE_IDENTIFIER = com.uqpay.UqpayPaymentSheet;
				PRODUCT_NAME = "$(TARGET_NAME:c99extidentifier)";
				SKIP_INSTALL = YES;
				STRING_CATALOG_GENERATE_SYMBOLS = YES;
				SWIFT_EMIT_LOC_STRINGS = YES;
				SWIFT_INSTALL_MODULE = YES;
				SWIFT_INSTALL_OBJC_HEADER = NO;
				SWIFT_UPCOMING_FEATURE_MEMBER_IMPORT_VISIBILITY = YES;
				SWIFT_VERSION = 5.0;
				TARGETED_DEVICE_FAMILY = "1,2";
			};
			name = Debug;
		};
		AB02732F2E4DAD6F00B08033 /* Release */ = {
			isa = XCBuildConfiguration;
			buildSettings = {
				BUILD_LIBRARY_FOR_DISTRIBUTION = YES;
				CODE_SIGN_STYLE = Automatic;
				CURRENT_PROJECT_VERSION = 1;
				DEVELOPMENT_TEAM = 833SARP3BT;
				DYLIB_COMPATIBILITY_VERSION = 1;
				DYLIB_CURRENT_VERSION = 1;
				DYLIB_INSTALL_NAME_BASE = "@rpath";
				ENABLE_MODULE_VERIFIER = YES;
				GENERATE_INFOPLIST_FILE = YES;
				INFOPLIST_KEY_NSHumanReadableCopyright = "";
				INSTALL_PATH = "$(LOCAL_LIBRARY_DIR)/Frameworks";
				LD_RUNPATH_SEARCH_PATHS = (
					"$(inherited)",
					"@executable_path/Frameworks",
					"@loader_path/Frameworks",
				);
				MARKETING_VERSION = 1.0.0;
				MODULE_VERIFIER_SUPPORTED_LANGUAGES = "objective-c objective-c++";
				MODULE_VERIFIER_SUPPORTED_LANGUAGE_STANDARDS = "gnu17 gnu++20";
				PRODUCT_BUNDLE_IDENTIFIER = com.uqpay.UqpayPaymentSheet;
				PRODUCT_NAME = "$(TARGET_NAME:c99extidentifier)";
				SKIP_INSTALL = YES;
				STRING_CATALOG_GENERATE_SYMBOLS = YES;
				SWIFT_EMIT_LOC_STRINGS = YES;
				SWIFT_INSTALL_MODULE = YES;
				SWIFT_INSTALL_OBJC_HEADER = NO;
				SWIFT_UPCOMING_FEATURE_MEMBER_IMPORT_VISIBILITY = YES;
				SWIFT_VERSION = 5.0;
				TARGETED_DEVICE_FAMILY = "1,2";
			};
			name = Release;
		};
		AB0273312E4DAD6F00B08033 /* Debug */ = {
			isa = XCBuildConfiguration;
			buildSettings = {
				CODE_SIGN_STYLE = Automatic;
				CURRENT_PROJECT_VERSION = 1;
				DEVELOPMENT_TEAM = 833SARP3BT;
				GENERATE_INFOPLIST_FILE = YES;
				MARKETING_VERSION = 1.0.0;
				PRODUCT_BUNDLE_IDENTIFIER = com.uqpay.UqpayPaymentSheetTests;
				PRODUCT_NAME = "$(TARGET_NAME)";
				STRING_CATALOG_GENERATE_SYMBOLS = NO;
				SWIFT_EMIT_LOC_STRINGS = NO;
				SWIFT_UPCOMING_FEATURE_MEMBER_IMPORT_VISIBILITY = YES;
				SWIFT_VERSION = 5.0;
				TARGETED_DEVICE_FAMILY = "1,2";
			};
			name = Debug;
		};
		AB0273322E4DAD6F00B08033 /* Release */ = {
			isa = XCBuildConfiguration;
			buildSettings = {
				CODE_SIGN_STYLE = Automatic;
				CURRENT_PROJECT_VERSION = 1;
				DEVELOPMENT_TEAM = 833SARP3BT;
				GENERATE_INFOPLIST_FILE = YES;
				MARKETING_VERSION = 1.0.0;
				PRODUCT_BUNDLE_IDENTIFIER = com.uqpay.UqpayPaymentSheetTests;
				PRODUCT_NAME = "$(TARGET_NAME)";
				STRING_CATALOG_GENERATE_SYMBOLS = NO;
				SWIFT_EMIT_LOC_STRINGS = NO;
				SWIFT_UPCOMING_FEATURE_MEMBER_IMPORT_VISIBILITY = YES;
				SWIFT_VERSION = 5.0;
				TARGETED_DEVICE_FAMILY = "1,2";
			};
			name = Release;
		};
/* End XCBuildConfiguration section */

/* Begin XCConfigurationList section */
		AB0273132E4DAD6E00B08033 /* Build configuration list for PBXProject "UqpayPaymentSheet" */ = {
			isa = XCConfigurationList;
			buildConfigurations = (
				AB02732B2E4DAD6F00B08033 /* Debug */,
				AB02732C2E4DAD6F00B08033 /* Release */,
			);
			defaultConfigurationIsVisible = 0;
			defaultConfigurationName = Release;
		};
		AB02732D2E4DAD6F00B08033 /* Build configuration list for PBXNativeTarget "UqpayPaymentSheet" */ = {
			isa = XCConfigurationList;
			buildConfigurations = (
				AB02732E2E4DAD6F00B08033 /* Debug */,
				AB02732F2E4DAD6F00B08033 /* Release */,
			);
			defaultConfigurationIsVisible = 0;
			defaultConfigurationName = Release;
		};
		AB0273302E4DAD6F00B08033 /* Build configuration list for PBXNativeTarget "UqpayPaymentSheetTests" */ = {
			isa = XCConfigurationList;
			buildConfigurations = (
				AB0273312E4DAD6F00B08033 /* Debug */,
				AB0273322E4DAD6F00B08033 /* Release */,
			);
			defaultConfigurationIsVisible = 0;
			defaultConfigurationName = Release;
		};
/* End XCConfigurationList section */
	};
	rootObject = AB0273102E4DAD6E00B08033 /* Project object */;
}
